
Microsoft Visual Studio Solution File, Format Version 12.00
# Visual Studio Version 16
VisualStudioVersion = 16.0.32106.194
MinimumVisualStudioVersion = 10.0.40219.1
Project("{888888A0-9F3D-457C-B088-3A5042F75D52}") = "sfms_backend", "sfms_backend\sfms_backend.pyproj", "{641E4D81-ABE2-4C5D-A218-0A6E13D000C4}"
EndProject
Global
	GlobalSection(SolutionConfigurationPlatforms) = preSolution
		Debug|Any CPU = Debug|Any CPU
		Release|Any CPU = Release|Any CPU
	EndGlobalSection
	GlobalSection(ProjectConfigurationPlatforms) = postSolution
		{641E4D81-ABE2-4C5D-A218-0A6E13D000C4}.Debug|Any CPU.ActiveCfg = Debug|Any CPU
		{641E4D81-ABE2-4C5D-A218-0A6E13D000C4}.Debug|Any CPU.Build.0 = Debug|Any CPU
		{641E4D81-ABE2-4C5D-A218-0A6E13D000C4}.Release|Any CPU.ActiveCfg = Release|Any CPU
		{641E4D81-ABE2-4C5D-A218-0A6E13D000C4}.Release|Any CPU.Build.0 = Release|Any CPU
	EndGlobalSection
	GlobalSection(SolutionProperties) = preSolution
		HideSolutionNode = FALSE
	EndGlobalSection
	GlobalSection(ExtensibilityGlobals) = postSolution
		SolutionGuid = {4BDCCEE7-E847-4838-8CC0-F3DAD3F436DF}
	EndGlobalSection
EndGlobal
